
Microsoft Visual Studio Solution File, Format Version 12.00
# Visual Studio Version 16
VisualStudioVersion = 16.0.29025.244
MinimumVisualStudioVersion = 10.0.40219.1
Project("{9A19103F-16F7-4668-BE54-9A1E7A4F7556}") = "Aliyun_MQ_Standard_SDK", "Aliyun_MQ_Standard_SDK\Aliyun_MQ_Standard_SDK.csproj", "{5E0B7BD4-0A68-4568-AE07-B6F975AFE5FF}"
EndProject
Global
	GlobalSection(SolutionConfigurationPlatforms) = preSolution
		Debug|Any CPU = Debug|Any CPU
		Release|Any CPU = Release|Any CPU
	EndGlobalSection
	GlobalSection(ProjectConfigurationPlatforms) = postSolution
		{5E0B7BD4-0A68-4568-AE07-B6F975AFE5FF}.Debug|Any CPU.ActiveCfg = Debug|Any CPU
		{5E0B7BD4-0A68-4568-AE07-B6F975AFE5FF}.Debug|Any CPU.Build.0 = Debug|Any CPU
		{5E0B7BD4-0A68-4568-AE07-B6F975AFE5FF}.Release|Any CPU.ActiveCfg = Release|Any CPU
		{5E0B7BD4-0A68-4568-AE07-B6F975AFE5FF}.Release|Any CPU.Build.0 = Release|Any CPU
	EndGlobalSection
	GlobalSection(SolutionProperties) = preSolution
		HideSolutionNode = FALSE
	EndGlobalSection
	GlobalSection(ExtensibilityGlobals) = postSolution
		SolutionGuid = {AB757736-5B29-4481-9292-04A6FA53D190}
	EndGlobalSection
EndGlobal
