
Microsoft Visual Studio Solution File, Format Version 12.00
# Visual Studio Version 16
VisualStudioVersion = 16.0.29025.244
MinimumVisualStudioVersion = 10.0.40219.1
Project("{2150E333-8FDC-42A3-9474-1A3956D46DE8}") = "src", "src", "{5AAB2DCB-F657-413C-BD66-759F25665DD9}"
EndProject
Project("{9A19103F-16F7-4668-BE54-9A1E7A4F7556}") = "Aliyun_MQ_Standard_SDK", "Aliyun_MQ_Standard_SDK\Aliyun_MQ_Standard_SDK.csproj", "{2BB94F06-AEC0-4497-82CD-31CCE46C324A}"
EndProject
Project("{2150E333-8FDC-42A3-9474-1A3956D46DE8}") = "demo", "demo", "{84068F8A-126D-45B5-B065-DD6874B29CF4}"
EndProject
Global
	GlobalSection(SolutionConfigurationPlatforms) = preSolution
		Debug|Any CPU = Debug|Any CPU
		Release|Any CPU = Release|Any CPU
	EndGlobalSection
	GlobalSection(ProjectConfigurationPlatforms) = postSolution
		{2BB94F06-AEC0-4497-82CD-31CCE46C324A}.Debug|Any CPU.ActiveCfg = Debug|Any CPU
		{2BB94F06-AEC0-4497-82CD-31CCE46C324A}.Debug|Any CPU.Build.0 = Debug|Any CPU
		{2BB94F06-AEC0-4497-82CD-31CCE46C324A}.Release|Any CPU.ActiveCfg = Release|Any CPU
		{2BB94F06-AEC0-4497-82CD-31CCE46C324A}.Release|Any CPU.Build.0 = Release|Any CPU
	EndGlobalSection
	GlobalSection(SolutionProperties) = preSolution
		HideSolutionNode = FALSE
	EndGlobalSection
	GlobalSection(NestedProjects) = preSolution
		{2BB94F06-AEC0-4497-82CD-31CCE46C324A} = {5AAB2DCB-F657-413C-BD66-759F25665DD9}
	EndGlobalSection
	GlobalSection(ExtensibilityGlobals) = postSolution
		SolutionGuid = {AB757736-5B29-4481-9292-04A6FA53D190}
	EndGlobalSection
EndGlobal
